
Microsoft Visual Studio Solution File, Format Version 12.00
# Visual Studio 15
VisualStudioVersion = 15.0.28010.2036
MinimumVisualStudioVersion = 10.0.40219.1
Project("{FAE04EC0-301F-11D3-BF4B-00C04F79EFBC}") = "FinalWeb", "FinalWeb\FinalWeb.csproj", "{2EA18800-5EFC-4E8E-8A8B-51DD7AB2F870}"
EndProject
Project("{2150E333-8FDC-42A3-9474-1A3956D46DE8}") = "1. Presentacion", "1. Presentacion", "{AB5CC6B9-6DD8-4AE2-B66C-E214D262CA5E}"
EndProject
Project("{2150E333-8FDC-42A3-9474-1A3956D46DE8}") = "2. Aplicacion", "2. Aplicacion", "{61C0C730-8858-498A-BFCD-2F1FFBC4C59A}"
EndProject
Project("{FAE04EC0-301F-11D3-BF4B-00C04F79EFBC}") = "Aplicacion.Contratos", "Aplicacion.Contratos\Aplicacion.Contratos.csproj", "{D8E5CB0A-07AF-490A-8B5A-8795E1BF8356}"
EndProject
Project("{FAE04EC0-301F-11D3-BF4B-00C04F79EFBC}") = "Aplicacion.Core", "Aplicacion.Core\Aplicacion.Core.csproj", "{A6945CA4-D7F9-475D-9A85-A2B63B33457A}"
EndProject
Project("{FAE04EC0-301F-11D3-BF4B-00C04F79EFBC}") = "Aplicacion.Implementacion", "Aplicacion.Implementacion\Aplicacion.Implementacion.csproj", "{41768354-3F98-4F4C-914A-CEA99F666EB2}"
EndProject
Project("{2150E333-8FDC-42A3-9474-1A3956D46DE8}") = "3. Dominio", "3. Dominio", "{23AEEFAC-97AE-453B-9263-9E324FA7956E}"
EndProject
Project("{FAE04EC0-301F-11D3-BF4B-00C04F79EFBC}") = "Dominio.Contratos", "Dominio.Contratos\Dominio.Contratos.csproj", "{B2E9BA24-1588-4E19-869B-94461BA3A9D0}"
EndProject
Project("{FAE04EC0-301F-11D3-BF4B-00C04F79EFBC}") = "Dominio.Core", "Dominio.Core\Dominio.Core.csproj", "{D3D4CC64-62D2-42C7-AE3F-57C6D61C3B63}"
EndProject
Project("{2150E333-8FDC-42A3-9474-1A3956D46DE8}") = "4. Infraestructura", "4. Infraestructura", "{574349EF-2AB0-4CC6-A415-8245A86A73F2}"
EndProject
Project("{2150E333-8FDC-42A3-9474-1A3956D46DE8}") = "4.1 Datos", "4.1 Datos", "{B1FFA68D-F8AF-4FFE-AF32-05261A703F2C}"
EndProject
Project("{FAE04EC0-301F-11D3-BF4B-00C04F79EFBC}") = "Datos.Persistencia.Core", "Datos.Persistencia.Core\Datos.Persistencia.Core.csproj", "{33F4A0CF-D387-413C-B35D-1640BB82EE3E}"
EndProject
Project("{FAE04EC0-301F-11D3-BF4B-00C04F79EFBC}") = "Datos.Persistencia.Implementacion", "Datos.Persistencia.Implementacion\Datos.Persistencia.Implementacion.csproj", "{63201FCF-3D43-48BF-A6E0-D4859B9D8F19}"
EndProject
Project("{FAE04EC0-301F-11D3-BF4B-00C04F79EFBC}") = "Datos.Persistencia.Repositorios", "Datos.Persistencia.Repositorios\Datos.Persistencia.Repositorios.csproj", "{56BB8CA6-CA30-4A70-AB77-E3A514B139A2}"
EndProject
Project("{2150E333-8FDC-42A3-9474-1A3956D46DE8}") = "4.2 Transversal", "4.2 Transversal", "{13D1FEBD-B1E9-4E5F-ABCD-ED2AFF7EC45A}"
EndProject
Project("{FAE04EC0-301F-11D3-BF4B-00C04F79EFBC}") = "Utilitarios.IoC", "Utilitarios.IoC\Utilitarios.IoC.csproj", "{E035A17D-FE5A-47AB-BB9B-878BF679EFA0}"
EndProject
Global
	GlobalSection(SolutionConfigurationPlatforms) = preSolution
		Debug|Any CPU = Debug|Any CPU
		Release|Any CPU = Release|Any CPU
	EndGlobalSection
	GlobalSection(ProjectConfigurationPlatforms) = postSolution
		{2EA18800-5EFC-4E8E-8A8B-51DD7AB2F870}.Debug|Any CPU.ActiveCfg = Debug|Any CPU
		{2EA18800-5EFC-4E8E-8A8B-51DD7AB2F870}.Debug|Any CPU.Build.0 = Debug|Any CPU
		{2EA18800-5EFC-4E8E-8A8B-51DD7AB2F870}.Release|Any CPU.ActiveCfg = Release|Any CPU
		{2EA18800-5EFC-4E8E-8A8B-51DD7AB2F870}.Release|Any CPU.Build.0 = Release|Any CPU
		{D8E5CB0A-07AF-490A-8B5A-8795E1BF8356}.Debug|Any CPU.ActiveCfg = Debug|Any CPU
		{D8E5CB0A-07AF-490A-8B5A-8795E1BF8356}.Debug|Any CPU.Build.0 = Debug|Any CPU
		{D8E5CB0A-07AF-490A-8B5A-8795E1BF8356}.Release|Any CPU.ActiveCfg = Release|Any CPU
		{D8E5CB0A-07AF-490A-8B5A-8795E1BF8356}.Release|Any CPU.Build.0 = Release|Any CPU
		{A6945CA4-D7F9-475D-9A85-A2B63B33457A}.Debug|Any CPU.ActiveCfg = Debug|Any CPU
		{A6945CA4-D7F9-475D-9A85-A2B63B33457A}.Debug|Any CPU.Build.0 = Debug|Any CPU
		{A6945CA4-D7F9-475D-9A85-A2B63B33457A}.Release|Any CPU.ActiveCfg = Release|Any CPU
		{A6945CA4-D7F9-475D-9A85-A2B63B33457A}.Release|Any CPU.Build.0 = Release|Any CPU
		{41768354-3F98-4F4C-914A-CEA99F666EB2}.Debug|Any CPU.ActiveCfg = Debug|Any CPU
		{41768354-3F98-4F4C-914A-CEA99F666EB2}.Debug|Any CPU.Build.0 = Debug|Any CPU
		{41768354-3F98-4F4C-914A-CEA99F666EB2}.Release|Any CPU.ActiveCfg = Release|Any CPU
		{41768354-3F98-4F4C-914A-CEA99F666EB2}.Release|Any CPU.Build.0 = Release|Any CPU
		{B2E9BA24-1588-4E19-869B-94461BA3A9D0}.Debug|Any CPU.ActiveCfg = Debug|Any CPU
		{B2E9BA24-1588-4E19-869B-94461BA3A9D0}.Debug|Any CPU.Build.0 = Debug|Any CPU
		{B2E9BA24-1588-4E19-869B-94461BA3A9D0}.Release|Any CPU.ActiveCfg = Release|Any CPU
		{B2E9BA24-1588-4E19-869B-94461BA3A9D0}.Release|Any CPU.Build.0 = Release|Any CPU
		{D3D4CC64-62D2-42C7-AE3F-57C6D61C3B63}.Debug|Any CPU.ActiveCfg = Debug|Any CPU
		{D3D4CC64-62D2-42C7-AE3F-57C6D61C3B63}.Debug|Any CPU.Build.0 = Debug|Any CPU
		{D3D4CC64-62D2-42C7-AE3F-57C6D61C3B63}.Release|Any CPU.ActiveCfg = Release|Any CPU
		{D3D4CC64-62D2-42C7-AE3F-57C6D61C3B63}.Release|Any CPU.Build.0 = Release|Any CPU
		{33F4A0CF-D387-413C-B35D-1640BB82EE3E}.Debug|Any CPU.ActiveCfg = Debug|Any CPU
		{33F4A0CF-D387-413C-B35D-1640BB82EE3E}.Debug|Any CPU.Build.0 = Debug|Any CPU
		{33F4A0CF-D387-413C-B35D-1640BB82EE3E}.Release|Any CPU.ActiveCfg = Release|Any CPU
		{33F4A0CF-D387-413C-B35D-1640BB82EE3E}.Release|Any CPU.Build.0 = Release|Any CPU
		{63201FCF-3D43-48BF-A6E0-D4859B9D8F19}.Debug|Any CPU.ActiveCfg = Debug|Any CPU
		{63201FCF-3D43-48BF-A6E0-D4859B9D8F19}.Debug|Any CPU.Build.0 = Debug|Any CPU
		{63201FCF-3D43-48BF-A6E0-D4859B9D8F19}.Release|Any CPU.ActiveCfg = Release|Any CPU
		{63201FCF-3D43-48BF-A6E0-D4859B9D8F19}.Release|Any CPU.Build.0 = Release|Any CPU
		{56BB8CA6-CA30-4A70-AB77-E3A514B139A2}.Debug|Any CPU.ActiveCfg = Debug|Any CPU
		{56BB8CA6-CA30-4A70-AB77-E3A514B139A2}.Debug|Any CPU.Build.0 = Debug|Any CPU
		{56BB8CA6-CA30-4A70-AB77-E3A514B139A2}.Release|Any CPU.ActiveCfg = Release|Any CPU
		{56BB8CA6-CA30-4A70-AB77-E3A514B139A2}.Release|Any CPU.Build.0 = Release|Any CPU
		{E035A17D-FE5A-47AB-BB9B-878BF679EFA0}.Debug|Any CPU.ActiveCfg = Debug|Any CPU
		{E035A17D-FE5A-47AB-BB9B-878BF679EFA0}.Debug|Any CPU.Build.0 = Debug|Any CPU
		{E035A17D-FE5A-47AB-BB9B-878BF679EFA0}.Release|Any CPU.ActiveCfg = Release|Any CPU
		{E035A17D-FE5A-47AB-BB9B-878BF679EFA0}.Release|Any CPU.Build.0 = Release|Any CPU
	EndGlobalSection
	GlobalSection(SolutionProperties) = preSolution
		HideSolutionNode = FALSE
	EndGlobalSection
	GlobalSection(NestedProjects) = preSolution
		{2EA18800-5EFC-4E8E-8A8B-51DD7AB2F870} = {AB5CC6B9-6DD8-4AE2-B66C-E214D262CA5E}
		{D8E5CB0A-07AF-490A-8B5A-8795E1BF8356} = {61C0C730-8858-498A-BFCD-2F1FFBC4C59A}
		{A6945CA4-D7F9-475D-9A85-A2B63B33457A} = {61C0C730-8858-498A-BFCD-2F1FFBC4C59A}
		{41768354-3F98-4F4C-914A-CEA99F666EB2} = {61C0C730-8858-498A-BFCD-2F1FFBC4C59A}
		{B2E9BA24-1588-4E19-869B-94461BA3A9D0} = {23AEEFAC-97AE-453B-9263-9E324FA7956E}
		{D3D4CC64-62D2-42C7-AE3F-57C6D61C3B63} = {23AEEFAC-97AE-453B-9263-9E324FA7956E}
		{B1FFA68D-F8AF-4FFE-AF32-05261A703F2C} = {574349EF-2AB0-4CC6-A415-8245A86A73F2}
		{33F4A0CF-D387-413C-B35D-1640BB82EE3E} = {B1FFA68D-F8AF-4FFE-AF32-05261A703F2C}
		{63201FCF-3D43-48BF-A6E0-D4859B9D8F19} = {B1FFA68D-F8AF-4FFE-AF32-05261A703F2C}
		{56BB8CA6-CA30-4A70-AB77-E3A514B139A2} = {B1FFA68D-F8AF-4FFE-AF32-05261A703F2C}
		{13D1FEBD-B1E9-4E5F-ABCD-ED2AFF7EC45A} = {574349EF-2AB0-4CC6-A415-8245A86A73F2}
		{E035A17D-FE5A-47AB-BB9B-878BF679EFA0} = {13D1FEBD-B1E9-4E5F-ABCD-ED2AFF7EC45A}
	EndGlobalSection
	GlobalSection(ExtensibilityGlobals) = postSolution
		SolutionGuid = {AA244BD1-C2F2-4E30-A7A7-CC7A996DA074}
	EndGlobalSection
EndGlobal
